<?xml version="1.0" encoding="utf-8"?>
<Project ToolsVersion="4.0" xmlns="http://schemas.microsoft.com/developer/msbuild/2003">
  <ItemGroup>
    <ClCompile Include="AStar-Project.cpp" />
    <ClCompile Include="aStarAlgo.cpp">
      <Filter>Map/Pathfinding Files\Main Files</Filter>
    </ClCompile>
    <ClCompile Include="MapLoading.cpp">
      <Filter>Map/Pathfinding Files\Main Files</Filter>
    </ClCompile>
  </ItemGroup>
  <ItemGroup>
    <None Include="ReadMe.txt" />
  </ItemGroup>
  <ItemGroup>
    <Filter Include="Map/Pathfinding Files">
      <UniqueIdentifier>{862e0802-5d35-4964-bc61-894dc1b4a46e}</UniqueIdentifier>
    </Filter>
    <Filter Include="Map/Pathfinding Files\Main Files">
      <UniqueIdentifier>{fa37e44d-ccab-4888-b216-a8deb291b167}</UniqueIdentifier>
    </Filter>
    <Filter Include="Map/Pathfinding Files\Header Files">
      <UniqueIdentifier>{878a87ab-120a-44d6-84e7-683edd6ad548}</UniqueIdentifier>
    </Filter>
  </ItemGroup>
  <ItemGroup>
    <ClInclude Include="aStarAlgo.h">
      <Filter>Map/Pathfinding Files\Header Files</Filter>
    </ClInclude>
    <ClInclude Include="MapLoading.h">
      <Filter>Map/Pathfinding Files\Header Files</Filter>
    </ClInclude>
  </ItemGroup>
</Project>